
Microsoft Visual Studio Solution File, Format Version 12.00
# Visual Studio Version 17
VisualStudioVersion = 17.14.36518.9
MinimumVisualStudioVersion = 10.0.40219.1
Project("{2150E333-8FDC-42A3-9474-1A3956D46DE8}") = "Core", "Core", "{02EA681E-C7D8-13C7-8484-4AC65E1B71E8}"
EndProject
Project("{2150E333-8FDC-42A3-9474-1A3956D46DE8}") = "Aplication", "Aplication", "{0893224A-0D70-4761-A385-1791343D36F7}"
EndProject
Project("{2150E333-8FDC-42A3-9474-1A3956D46DE8}") = "Infraestructure", "Infraestructure", "{A17916AE-088B-42DB-BF4A-BC90F8AEDC69}"
EndProject
Project("{2150E333-8FDC-42A3-9474-1A3956D46DE8}") = "WebApi", "WebApi", "{2B5FB5ED-9CDF-4539-8DDD-09F3C6BC4D71}"
EndProject
Project("{2150E333-8FDC-42A3-9474-1A3956D46DE8}") = "Presentacion", "Presentacion", "{F6FDCAB3-43EC-4705-9082-3CA62943F7D6}"
EndProject
Project("{FAE04EC0-301F-11D3-BF4B-00C04F79EFBC}") = "VentasETL.Aplication", "VentasETL.Aplication\VentasETL.Aplication.csproj", "{26FCFE8C-DC82-48B7-AEA9-630C5014B38E}"
EndProject
Project("{FAE04EC0-301F-11D3-BF4B-00C04F79EFBC}") = "VentasETL.Domain", "VentasETL.Domain\VentasETL.Domain.csproj", "{69389F6A-B500-4543-B687-88FE8C501B0F}"
EndProject
Project("{FAE04EC0-301F-11D3-BF4B-00C04F79EFBC}") = "VentasETL.Infraestructure.Persistences", "VentasETL.Infraestructure.Persistences\VentasETL.Infraestructure.Persistences.csproj", "{33574099-6459-4592-833C-0546035FE2C8}"
EndProject
Project("{FAE04EC0-301F-11D3-BF4B-00C04F79EFBC}") = "VentasETL.Presetacion.WorkerServices", "VentasETL.Presetacion.WorkerServices\VentasETL.Presetacion.WorkerServices.csproj", "{3F9978E6-76F4-4EFC-B52C-7F94405461A6}"
EndProject
Project("{FAE04EC0-301F-11D3-BF4B-00C04F79EFBC}") = "VentasETL.WebApi.Api", "VentasETL.WebApi.Api\VentasETL.WebApi.Api.csproj", "{00A9E751-37EF-4DEF-B44C-43929AC6CF18}"
EndProject
Global
	GlobalSection(SolutionConfigurationPlatforms) = preSolution
		Debug|Any CPU = Debug|Any CPU
		Release|Any CPU = Release|Any CPU
	EndGlobalSection
	GlobalSection(ProjectConfigurationPlatforms) = postSolution
		{26FCFE8C-DC82-48B7-AEA9-630C5014B38E}.Debug|Any CPU.ActiveCfg = Debug|Any CPU
		{26FCFE8C-DC82-48B7-AEA9-630C5014B38E}.Debug|Any CPU.Build.0 = Debug|Any CPU
		{26FCFE8C-DC82-48B7-AEA9-630C5014B38E}.Release|Any CPU.ActiveCfg = Release|Any CPU
		{26FCFE8C-DC82-48B7-AEA9-630C5014B38E}.Release|Any CPU.Build.0 = Release|Any CPU
		{69389F6A-B500-4543-B687-88FE8C501B0F}.Debug|Any CPU.ActiveCfg = Debug|Any CPU
		{69389F6A-B500-4543-B687-88FE8C501B0F}.Debug|Any CPU.Build.0 = Debug|Any CPU
		{69389F6A-B500-4543-B687-88FE8C501B0F}.Release|Any CPU.ActiveCfg = Release|Any CPU
		{69389F6A-B500-4543-B687-88FE8C501B0F}.Release|Any CPU.Build.0 = Release|Any CPU
		{33574099-6459-4592-833C-0546035FE2C8}.Debug|Any CPU.ActiveCfg = Debug|Any CPU
		{33574099-6459-4592-833C-0546035FE2C8}.Debug|Any CPU.Build.0 = Debug|Any CPU
		{33574099-6459-4592-833C-0546035FE2C8}.Release|Any CPU.ActiveCfg = Release|Any CPU
		{33574099-6459-4592-833C-0546035FE2C8}.Release|Any CPU.Build.0 = Release|Any CPU
		{3F9978E6-76F4-4EFC-B52C-7F94405461A6}.Debug|Any CPU.ActiveCfg = Debug|Any CPU
		{3F9978E6-76F4-4EFC-B52C-7F94405461A6}.Debug|Any CPU.Build.0 = Debug|Any CPU
		{3F9978E6-76F4-4EFC-B52C-7F94405461A6}.Release|Any CPU.ActiveCfg = Release|Any CPU
		{3F9978E6-76F4-4EFC-B52C-7F94405461A6}.Release|Any CPU.Build.0 = Release|Any CPU
		{00A9E751-37EF-4DEF-B44C-43929AC6CF18}.Debug|Any CPU.ActiveCfg = Debug|Any CPU
		{00A9E751-37EF-4DEF-B44C-43929AC6CF18}.Debug|Any CPU.Build.0 = Debug|Any CPU
		{00A9E751-37EF-4DEF-B44C-43929AC6CF18}.Release|Any CPU.ActiveCfg = Release|Any CPU
		{00A9E751-37EF-4DEF-B44C-43929AC6CF18}.Release|Any CPU.Build.0 = Release|Any CPU
	EndGlobalSection
	GlobalSection(SolutionProperties) = preSolution
		HideSolutionNode = FALSE
	EndGlobalSection
	GlobalSection(NestedProjects) = preSolution
		{0893224A-0D70-4761-A385-1791343D36F7} = {02EA681E-C7D8-13C7-8484-4AC65E1B71E8}
		{A17916AE-088B-42DB-BF4A-BC90F8AEDC69} = {02EA681E-C7D8-13C7-8484-4AC65E1B71E8}
		{2B5FB5ED-9CDF-4539-8DDD-09F3C6BC4D71} = {02EA681E-C7D8-13C7-8484-4AC65E1B71E8}
		{F6FDCAB3-43EC-4705-9082-3CA62943F7D6} = {02EA681E-C7D8-13C7-8484-4AC65E1B71E8}
		{26FCFE8C-DC82-48B7-AEA9-630C5014B38E} = {0893224A-0D70-4761-A385-1791343D36F7}
		{69389F6A-B500-4543-B687-88FE8C501B0F} = {0893224A-0D70-4761-A385-1791343D36F7}
		{33574099-6459-4592-833C-0546035FE2C8} = {A17916AE-088B-42DB-BF4A-BC90F8AEDC69}
		{3F9978E6-76F4-4EFC-B52C-7F94405461A6} = {F6FDCAB3-43EC-4705-9082-3CA62943F7D6}
		{00A9E751-37EF-4DEF-B44C-43929AC6CF18} = {2B5FB5ED-9CDF-4539-8DDD-09F3C6BC4D71}
	EndGlobalSection
	GlobalSection(ExtensibilityGlobals) = postSolution
		SolutionGuid = {6E71CC2A-D4F1-4015-BD44-684DD5A2C0AD}
	EndGlobalSection
EndGlobal
